
Microsoft Visual Studio Solution File, Format Version 12.00
# Visual Studio Version 17
VisualStudioVersion = 17.0.31903.59
MinimumVisualStudioVersion = 10.0.40219.1
Project("{FAE04EC0-301F-11D3-BF4B-00C04F79EFBC}") = "AssistantHub.Core", "AssistantHub.Core\AssistantHub.Core.csproj", "{BB6677CB-60BA-4CB2-8757-CF6E71D5C21B}"
EndProject
Project("{FAE04EC0-301F-11D3-BF4B-00C04F79EFBC}") = "AssistantHub.Server", "AssistantHub.Server\AssistantHub.Server.csproj", "{D519C33D-FC13-4FD2-AFC5-746A582BA7B3}"
EndProject
Project("{FAE04EC0-301F-11D3-BF4B-00C04F79EFBC}") = "AssistantHub.McpServer", "AssistantHub.McpServer\AssistantHub.McpServer.csproj", "{B647613E-F936-447A-9DB3-C8A0CB0A0427}"
EndProject
Project("{FAE04EC0-301F-11D3-BF4B-00C04F79EFBC}") = "Test.Shared", "Test.Shared\Test.Shared.csproj", "{C13CD216-5FE0-43CF-8E39-1F7CED98A616}"
EndProject
Project("{FAE04EC0-301F-11D3-BF4B-00C04F79EFBC}") = "Test.Automated", "Test.Automated\Test.Automated.csproj", "{D7D85CE5-634D-43BA-8649-A08F008743A5}"
EndProject
Project("{FAE04EC0-301F-11D3-BF4B-00C04F79EFBC}") = "Test.XUnit", "Test.XUnit\Test.XUnit.csproj", "{1F6E69FA-EFD8-4F34-A078-222D88C709C2}"
EndProject
Project("{FAE04EC0-301F-11D3-BF4B-00C04F79EFBC}") = "Test.Sdk", "..\sdk\csharp\Test.Sdk\Test.Sdk.csproj", "{B8ED405D-EF43-40D6-B4E7-5409AB257B42}"
EndProject
Project("{FAE04EC0-301F-11D3-BF4B-00C04F79EFBC}") = "AssistantHub.Sdk", "..\sdk\csharp\AssistantHub.Sdk\AssistantHub.Sdk.csproj", "{9E172599-F9E1-438F-BE35-6B419898F716}"
EndProject
Global
	GlobalSection(SolutionConfigurationPlatforms) = preSolution
		Debug|Any CPU = Debug|Any CPU
		Debug|x64 = Debug|x64
		Debug|x86 = Debug|x86
		Release|Any CPU = Release|Any CPU
		Release|x64 = Release|x64
		Release|x86 = Release|x86
	EndGlobalSection
	GlobalSection(ProjectConfigurationPlatforms) = postSolution
		{BB6677CB-60BA-4CB2-8757-CF6E71D5C21B}.Debug|Any CPU.ActiveCfg = Debug|Any CPU
		{BB6677CB-60BA-4CB2-8757-CF6E71D5C21B}.Debug|Any CPU.Build.0 = Debug|Any CPU
		{BB6677CB-60BA-4CB2-8757-CF6E71D5C21B}.Debug|x64.ActiveCfg = Debug|Any CPU
		{BB6677CB-60BA-4CB2-8757-CF6E71D5C21B}.Debug|x64.Build.0 = Debug|Any CPU
		{BB6677CB-60BA-4CB2-8757-CF6E71D5C21B}.Debug|x86.ActiveCfg = Debug|Any CPU
		{BB6677CB-60BA-4CB2-8757-CF6E71D5C21B}.Debug|x86.Build.0 = Debug|Any CPU
		{BB6677CB-60BA-4CB2-8757-CF6E71D5C21B}.Release|Any CPU.ActiveCfg = Release|Any CPU
		{BB6677CB-60BA-4CB2-8757-CF6E71D5C21B}.Release|Any CPU.Build.0 = Release|Any CPU
		{BB6677CB-60BA-4CB2-8757-CF6E71D5C21B}.Release|x64.ActiveCfg = Release|Any CPU
		{BB6677CB-60BA-4CB2-8757-CF6E71D5C21B}.Release|x64.Build.0 = Release|Any CPU
		{BB6677CB-60BA-4CB2-8757-CF6E71D5C21B}.Release|x86.ActiveCfg = Release|Any CPU
		{BB6677CB-60BA-4CB2-8757-CF6E71D5C21B}.Release|x86.Build.0 = Release|Any CPU
		{D519C33D-FC13-4FD2-AFC5-746A582BA7B3}.Debug|Any CPU.ActiveCfg = Debug|Any CPU
		{D519C33D-FC13-4FD2-AFC5-746A582BA7B3}.Debug|Any CPU.Build.0 = Debug|Any CPU
		{D519C33D-FC13-4FD2-AFC5-746A582BA7B3}.Debug|x64.ActiveCfg = Debug|Any CPU
		{D519C33D-FC13-4FD2-AFC5-746A582BA7B3}.Debug|x64.Build.0 = Debug|Any CPU
		{D519C33D-FC13-4FD2-AFC5-746A582BA7B3}.Debug|x86.ActiveCfg = Debug|Any CPU
		{D519C33D-FC13-4FD2-AFC5-746A582BA7B3}.Debug|x86.Build.0 = Debug|Any CPU
		{D519C33D-FC13-4FD2-AFC5-746A582BA7B3}.Release|Any CPU.ActiveCfg = Release|Any CPU
		{D519C33D-FC13-4FD2-AFC5-746A582BA7B3}.Release|Any CPU.Build.0 = Release|Any CPU
		{D519C33D-FC13-4FD2-AFC5-746A582BA7B3}.Release|x64.ActiveCfg = Release|Any CPU
		{D519C33D-FC13-4FD2-AFC5-746A582BA7B3}.Release|x64.Build.0 = Release|Any CPU
		{D519C33D-FC13-4FD2-AFC5-746A582BA7B3}.Release|x86.ActiveCfg = Release|Any CPU
		{D519C33D-FC13-4FD2-AFC5-746A582BA7B3}.Release|x86.Build.0 = Release|Any CPU
		{B647613E-F936-447A-9DB3-C8A0CB0A0427}.Debug|Any CPU.ActiveCfg = Debug|Any CPU
		{B647613E-F936-447A-9DB3-C8A0CB0A0427}.Debug|Any CPU.Build.0 = Debug|Any CPU
		{B647613E-F936-447A-9DB3-C8A0CB0A0427}.Debug|x64.ActiveCfg = Debug|Any CPU
		{B647613E-F936-447A-9DB3-C8A0CB0A0427}.Debug|x64.Build.0 = Debug|Any CPU
		{B647613E-F936-447A-9DB3-C8A0CB0A0427}.Debug|x86.ActiveCfg = Debug|Any CPU
		{B647613E-F936-447A-9DB3-C8A0CB0A0427}.Debug|x86.Build.0 = Debug|Any CPU
		{B647613E-F936-447A-9DB3-C8A0CB0A0427}.Release|Any CPU.ActiveCfg = Release|Any CPU
		{B647613E-F936-447A-9DB3-C8A0CB0A0427}.Release|Any CPU.Build.0 = Release|Any CPU
		{B647613E-F936-447A-9DB3-C8A0CB0A0427}.Release|x64.ActiveCfg = Release|Any CPU
		{B647613E-F936-447A-9DB3-C8A0CB0A0427}.Release|x64.Build.0 = Release|Any CPU
		{B647613E-F936-447A-9DB3-C8A0CB0A0427}.Release|x86.ActiveCfg = Release|Any CPU
		{B647613E-F936-447A-9DB3-C8A0CB0A0427}.Release|x86.Build.0 = Release|Any CPU
		{C13CD216-5FE0-43CF-8E39-1F7CED98A616}.Debug|Any CPU.ActiveCfg = Debug|Any CPU
		{C13CD216-5FE0-43CF-8E39-1F7CED98A616}.Debug|Any CPU.Build.0 = Debug|Any CPU
		{C13CD216-5FE0-43CF-8E39-1F7CED98A616}.Debug|x64.ActiveCfg = Debug|Any CPU
		{C13CD216-5FE0-43CF-8E39-1F7CED98A616}.Debug|x64.Build.0 = Debug|Any CPU
		{C13CD216-5FE0-43CF-8E39-1F7CED98A616}.Debug|x86.ActiveCfg = Debug|Any CPU
		{C13CD216-5FE0-43CF-8E39-1F7CED98A616}.Debug|x86.Build.0 = Debug|Any CPU
		{C13CD216-5FE0-43CF-8E39-1F7CED98A616}.Release|Any CPU.ActiveCfg = Release|Any CPU
		{C13CD216-5FE0-43CF-8E39-1F7CED98A616}.Release|Any CPU.Build.0 = Release|Any CPU
		{C13CD216-5FE0-43CF-8E39-1F7CED98A616}.Release|x64.ActiveCfg = Release|Any CPU
		{C13CD216-5FE0-43CF-8E39-1F7CED98A616}.Release|x64.Build.0 = Release|Any CPU
		{C13CD216-5FE0-43CF-8E39-1F7CED98A616}.Release|x86.ActiveCfg = Release|Any CPU
		{C13CD216-5FE0-43CF-8E39-1F7CED98A616}.Release|x86.Build.0 = Release|Any CPU
		{D7D85CE5-634D-43BA-8649-A08F008743A5}.Debug|Any CPU.ActiveCfg = Debug|Any CPU
		{D7D85CE5-634D-43BA-8649-A08F008743A5}.Debug|Any CPU.Build.0 = Debug|Any CPU
		{D7D85CE5-634D-43BA-8649-A08F008743A5}.Debug|x64.ActiveCfg = Debug|Any CPU
		{D7D85CE5-634D-43BA-8649-A08F008743A5}.Debug|x64.Build.0 = Debug|Any CPU
		{D7D85CE5-634D-43BA-8649-A08F008743A5}.Debug|x86.ActiveCfg = Debug|Any CPU
		{D7D85CE5-634D-43BA-8649-A08F008743A5}.Debug|x86.Build.0 = Debug|Any CPU
		{D7D85CE5-634D-43BA-8649-A08F008743A5}.Release|Any CPU.ActiveCfg = Release|Any CPU
		{D7D85CE5-634D-43BA-8649-A08F008743A5}.Release|Any CPU.Build.0 = Release|Any CPU
		{D7D85CE5-634D-43BA-8649-A08F008743A5}.Release|x64.ActiveCfg = Release|Any CPU
		{D7D85CE5-634D-43BA-8649-A08F008743A5}.Release|x64.Build.0 = Release|Any CPU
		{D7D85CE5-634D-43BA-8649-A08F008743A5}.Release|x86.ActiveCfg = Release|Any CPU
		{D7D85CE5-634D-43BA-8649-A08F008743A5}.Release|x86.Build.0 = Release|Any CPU
		{1F6E69FA-EFD8-4F34-A078-222D88C709C2}.Debug|Any CPU.ActiveCfg = Debug|Any CPU
		{1F6E69FA-EFD8-4F34-A078-222D88C709C2}.Debug|Any CPU.Build.0 = Debug|Any CPU
		{1F6E69FA-EFD8-4F34-A078-222D88C709C2}.Debug|x64.ActiveCfg = Debug|Any CPU
		{1F6E69FA-EFD8-4F34-A078-222D88C709C2}.Debug|x64.Build.0 = Debug|Any CPU
		{1F6E69FA-EFD8-4F34-A078-222D88C709C2}.Debug|x86.ActiveCfg = Debug|Any CPU
		{1F6E69FA-EFD8-4F34-A078-222D88C709C2}.Debug|x86.Build.0 = Debug|Any CPU
		{1F6E69FA-EFD8-4F34-A078-222D88C709C2}.Release|Any CPU.ActiveCfg = Release|Any CPU
		{1F6E69FA-EFD8-4F34-A078-222D88C709C2}.Release|Any CPU.Build.0 = Release|Any CPU
		{1F6E69FA-EFD8-4F34-A078-222D88C709C2}.Release|x64.ActiveCfg = Release|Any CPU
		{1F6E69FA-EFD8-4F34-A078-222D88C709C2}.Release|x64.Build.0 = Release|Any CPU
		{1F6E69FA-EFD8-4F34-A078-222D88C709C2}.Release|x86.ActiveCfg = Release|Any CPU
		{1F6E69FA-EFD8-4F34-A078-222D88C709C2}.Release|x86.Build.0 = Release|Any CPU
		{B8ED405D-EF43-40D6-B4E7-5409AB257B42}.Debug|Any CPU.ActiveCfg = Debug|Any CPU
		{B8ED405D-EF43-40D6-B4E7-5409AB257B42}.Debug|Any CPU.Build.0 = Debug|Any CPU
		{B8ED405D-EF43-40D6-B4E7-5409AB257B42}.Debug|x64.ActiveCfg = Debug|Any CPU
		{B8ED405D-EF43-40D6-B4E7-5409AB257B42}.Debug|x64.Build.0 = Debug|Any CPU
		{B8ED405D-EF43-40D6-B4E7-5409AB257B42}.Debug|x86.ActiveCfg = Debug|Any CPU
		{B8ED405D-EF43-40D6-B4E7-5409AB257B42}.Debug|x86.Build.0 = Debug|Any CPU
		{B8ED405D-EF43-40D6-B4E7-5409AB257B42}.Release|Any CPU.ActiveCfg = Release|Any CPU
		{B8ED405D-EF43-40D6-B4E7-5409AB257B42}.Release|Any CPU.Build.0 = Release|Any CPU
		{B8ED405D-EF43-40D6-B4E7-5409AB257B42}.Release|x64.ActiveCfg = Release|Any CPU
		{B8ED405D-EF43-40D6-B4E7-5409AB257B42}.Release|x64.Build.0 = Release|Any CPU
		{B8ED405D-EF43-40D6-B4E7-5409AB257B42}.Release|x86.ActiveCfg = Release|Any CPU
		{B8ED405D-EF43-40D6-B4E7-5409AB257B42}.Release|x86.Build.0 = Release|Any CPU
		{9E172599-F9E1-438F-BE35-6B419898F716}.Debug|Any CPU.ActiveCfg = Debug|Any CPU
		{9E172599-F9E1-438F-BE35-6B419898F716}.Debug|Any CPU.Build.0 = Debug|Any CPU
		{9E172599-F9E1-438F-BE35-6B419898F716}.Debug|x64.ActiveCfg = Debug|Any CPU
		{9E172599-F9E1-438F-BE35-6B419898F716}.Debug|x64.Build.0 = Debug|Any CPU
		{9E172599-F9E1-438F-BE35-6B419898F716}.Debug|x86.ActiveCfg = Debug|Any CPU
		{9E172599-F9E1-438F-BE35-6B419898F716}.Debug|x86.Build.0 = Debug|Any CPU
		{9E172599-F9E1-438F-BE35-6B419898F716}.Release|Any CPU.ActiveCfg = Release|Any CPU
		{9E172599-F9E1-438F-BE35-6B419898F716}.Release|Any CPU.Build.0 = Release|Any CPU
		{9E172599-F9E1-438F-BE35-6B419898F716}.Release|x64.ActiveCfg = Release|Any CPU
		{9E172599-F9E1-438F-BE35-6B419898F716}.Release|x64.Build.0 = Release|Any CPU
		{9E172599-F9E1-438F-BE35-6B419898F716}.Release|x86.ActiveCfg = Release|Any CPU
		{9E172599-F9E1-438F-BE35-6B419898F716}.Release|x86.Build.0 = Release|Any CPU
	EndGlobalSection
	GlobalSection(SolutionProperties) = preSolution
		HideSolutionNode = FALSE
	EndGlobalSection
EndGlobal
